
Microsoft Visual Studio Solution File, Format Version 12.00
# Visual Studio Version 17
VisualStudioVersion = 17.12.35527.113 d17.12
MinimumVisualStudioVersion = 10.0.40219.1
Project("{FAE04EC0-301F-11D3-BF4B-00C04F79EFBC}") = "OrderService", "Order_Inventory_Payment_Microservices\OrderService.csproj", "{66DAF51B-B2E4-46BE-A753-925BDA9C71A0}"
EndProject
Project("{FAE04EC0-301F-11D3-BF4B-00C04F79EFBC}") = "InventoryService", "InventoryService\InventoryService.csproj", "{3C56CFEA-9C15-4941-9629-777503B8A733}"
EndProject
Project("{FAE04EC0-301F-11D3-BF4B-00C04F79EFBC}") = "PaymentService", "PaymentService\PaymentService.csproj", "{A729D990-D255-41BD-A06F-ADFA5BCCD99E}"
EndProject
Global
	GlobalSection(SolutionConfigurationPlatforms) = preSolution
		Debug|Any CPU = Debug|Any CPU
		Release|Any CPU = Release|Any CPU
	EndGlobalSection
	GlobalSection(ProjectConfigurationPlatforms) = postSolution
		{66DAF51B-B2E4-46BE-A753-925BDA9C71A0}.Debug|Any CPU.ActiveCfg = Debug|Any CPU
		{66DAF51B-B2E4-46BE-A753-925BDA9C71A0}.Debug|Any CPU.Build.0 = Debug|Any CPU
		{66DAF51B-B2E4-46BE-A753-925BDA9C71A0}.Release|Any CPU.ActiveCfg = Release|Any CPU
		{66DAF51B-B2E4-46BE-A753-925BDA9C71A0}.Release|Any CPU.Build.0 = Release|Any CPU
		{3C56CFEA-9C15-4941-9629-777503B8A733}.Debug|Any CPU.ActiveCfg = Debug|Any CPU
		{3C56CFEA-9C15-4941-9629-777503B8A733}.Debug|Any CPU.Build.0 = Debug|Any CPU
		{3C56CFEA-9C15-4941-9629-777503B8A733}.Release|Any CPU.ActiveCfg = Release|Any CPU
		{3C56CFEA-9C15-4941-9629-777503B8A733}.Release|Any CPU.Build.0 = Release|Any CPU
		{A729D990-D255-41BD-A06F-ADFA5BCCD99E}.Debug|Any CPU.ActiveCfg = Debug|Any CPU
		{A729D990-D255-41BD-A06F-ADFA5BCCD99E}.Debug|Any CPU.Build.0 = Debug|Any CPU
		{A729D990-D255-41BD-A06F-ADFA5BCCD99E}.Release|Any CPU.ActiveCfg = Release|Any CPU
		{A729D990-D255-41BD-A06F-ADFA5BCCD99E}.Release|Any CPU.Build.0 = Release|Any CPU
	EndGlobalSection
	GlobalSection(SolutionProperties) = preSolution
		HideSolutionNode = FALSE
	EndGlobalSection
EndGlobal
